
Microsoft Visual Studio Solution File, Format Version 12.00
# Visual Studio Version 17
VisualStudioVersion = 17.6.33801.468
MinimumVisualStudioVersion = 10.0.40219.1
Project("{FAE04EC0-301F-11D3-BF4B-00C04F79EFBC}") = "aa-tokenstats", "aa-tokenstats\aa-tokenstats.csproj", "{2C86E04E-DD9F-4C0C-A188-CA7FF24843A9}"
EndProject
Global
	GlobalSection(SolutionConfigurationPlatforms) = preSolution
		Debug|Any CPU = Debug|Any CPU
		Release|Any CPU = Release|Any CPU
	EndGlobalSection
	GlobalSection(ProjectConfigurationPlatforms) = postSolution
		{2C86E04E-DD9F-4C0C-A188-CA7FF24843A9}.Debug|Any CPU.ActiveCfg = Debug|Any CPU
		{2C86E04E-DD9F-4C0C-A188-CA7FF24843A9}.Debug|Any CPU.Build.0 = Debug|Any CPU
		{2C86E04E-DD9F-4C0C-A188-CA7FF24843A9}.Release|Any CPU.ActiveCfg = Release|Any CPU
		{2C86E04E-DD9F-4C0C-A188-CA7FF24843A9}.Release|Any CPU.Build.0 = Release|Any CPU
	EndGlobalSection
	GlobalSection(SolutionProperties) = preSolution
		HideSolutionNode = FALSE
	EndGlobalSection
	GlobalSection(ExtensibilityGlobals) = postSolution
		SolutionGuid = {EEC90602-B3A2-41FB-9D28-A5C3A6966D61}
	EndGlobalSection
EndGlobal
